
Microsoft Visual Studio Solution File, Format Version 12.00
# Visual Studio Version 17
VisualStudioVersion = 17.10.35122.118
MinimumVisualStudioVersion = 10.0.40219.1
Project("{C9674DCB-5085-4A16-B785-4C70DD1589BD}") = "Integration Services Project1", "Integration Services Project1\Integration Services Project1.dtproj", "{B0F32203-8089-42B8-885C-FA3B023FF997}"
EndProject
Global
	GlobalSection(SolutionConfigurationPlatforms) = preSolution
		Development|Default = Development|Default
	EndGlobalSection
	GlobalSection(ProjectConfigurationPlatforms) = postSolution
		{B0F32203-8089-42B8-885C-FA3B023FF997}.Development|Default.ActiveCfg = Development
		{B0F32203-8089-42B8-885C-FA3B023FF997}.Development|Default.Build.0 = Development
	EndGlobalSection
	GlobalSection(SolutionProperties) = preSolution
		HideSolutionNode = FALSE
	EndGlobalSection
	GlobalSection(ExtensibilityGlobals) = postSolution
		SolutionGuid = {FE4EAB5C-6184-425A-87A3-A54F03C9C500}
	EndGlobalSection
EndGlobal
